<?xml version="1.0"?>
<CONFIG>
  <ProjectOptions>
    <Version Value="7"/>
    <General>
      <Flags>
        <MainUnitHasTitleStatement Value="False"/>
        <LRSInOutputDirectory Value="False"/>
      </Flags>
      <SessionStorage Value="InProjectDir"/>
      <MainUnit Value="0"/>
      <AutoCreateForms Value="False"/>
      <TargetFileExt Value=""/>
      <Title Value="EpiData Manager"/>
      <UseXPManifest Value="True"/>
      <Icon Value="0"/>
    </General>
    <VersionInfo>
      <UseVersionInfo Value="True"/>
      <CurrentMajorRevNr Value="3"/>
      <CurrentBuildNr Value="7"/>
      <ProjectVersion Value="0.3.0.7"/>
      <Language Value="0809"/>
      <CharSet Value="04B0"/>
      <FileDescription Value="Get latest from Http://www.epidata.dk"/>
      <LegalCopyright Value="EpiData Association, Denmark"/>
      <ProductName Value="EpiData Manager"/>
    </VersionInfo>
    <PublishOptions>
      <Version Value="2"/>
      <IgnoreBinaries Value="False"/>
      <IncludeFileFilter Value="*.(pas|pp|inc|lfm|lpr|lrs|lpi|lpk|sh|xml)"/>
      <ExcludeFileFilter Value="*.(bak|ppu|ppw|o|so);*~;backup"/>
    </PublishOptions>
    <RunParams>
      <local>
        <FormatVersion Value="1"/>
        <LaunchingApplication PathPlusParams="/usr/X11R6/bin/xterm -T 'Lazarus Run Output' -e $(LazarusDir)/tools/runwait.sh $(TargetCmdLine)"/>
      </local>
    </RunParams>
    <RequiredPackages Count="3">
      <Item1>
        <PackageName Value="epidatacore"/>
        <MaxVersion Minor="2" Release="4" Build="103" Valid="True"/>
        <MinVersion Minor="2" Release="4" Build="103" Valid="True"/>
      </Item1>
      <Item2>
        <PackageName Value="SynEdit"/>
        <MinVersion Major="1" Valid="True"/>
      </Item2>
      <Item3>
        <PackageName Value="LCL"/>
      </Item3>
    </RequiredPackages>
    <Units Count="14">
      <Unit0>
        <Filename Value="epidatamanager.lpr"/>
        <IsPartOfProject Value="True"/>
        <UnitName Value="epidatabuilder"/>
      </Unit0>
      <Unit1>
        <Filename Value="main.pas"/>
        <IsPartOfProject Value="True"/>
        <ComponentName Value="MainForm"/>
        <ResourceBaseClass Value="Form"/>
        <UnitName Value="main"/>
      </Unit1>
      <Unit2>
        <Filename Value="settings.pas"/>
        <IsPartOfProject Value="True"/>
        <ComponentName Value="SettingsForm"/>
        <ResourceBaseClass Value="Form"/>
        <UnitName Value="settings"/>
      </Unit2>
      <Unit3>
        <Filename Value="datafile_documentation_form.pas"/>
        <IsPartOfProject Value="True"/>
        <ComponentName Value="DatafileDocumentationForm"/>
        <ResourceBaseClass Value="Form"/>
        <UnitName Value="datafile_documentation_form"/>
      </Unit3>
      <Unit4>
        <Filename Value="warning.pas"/>
        <IsPartOfProject Value="True"/>
        <ComponentName Value="WarningForm"/>
        <HasResources Value="True"/>
        <ResourceBaseClass Value="Form"/>
        <UnitName Value="Warning"/>
      </Unit4>
      <Unit5>
        <Filename Value="designer/design_autoalign_form.pas"/>
        <IsPartOfProject Value="True"/>
        <ComponentName Value="AutoAlignForm"/>
        <HasResources Value="True"/>
        <ResourceBaseClass Value="Form"/>
        <UnitName Value="design_autoalign_form"/>
      </Unit5>
      <Unit6>
        <Filename Value="designer/design_field_frame.pas"/>
        <IsPartOfProject Value="True"/>
        <ComponentName Value="FieldCreateForm"/>
        <HasResources Value="True"/>
        <ResourceBaseClass Value="Form"/>
        <UnitName Value="Design_Field_Frame"/>
      </Unit6>
      <Unit7>
        <Filename Value="designer/design_frame.pas"/>
        <IsPartOfProject Value="True"/>
        <ComponentName Value="DesignFrame"/>
        <HasResources Value="True"/>
        <ResourceBaseClass Value="Frame"/>
        <UnitName Value="design_frame"/>
      </Unit7>
      <Unit8>
        <Filename Value="designer/design_label_form.pas"/>
        <IsPartOfProject Value="True"/>
        <ComponentName Value="CreateLabelForm"/>
        <HasResources Value="True"/>
        <ResourceBaseClass Value="Form"/>
        <UnitName Value="design_label_form"/>
      </Unit8>
      <Unit9>
        <Filename Value="designer/fieldedit.pas"/>
        <IsPartOfProject Value="True"/>
        <UnitName Value="FieldEdit"/>
      </Unit9>
      <Unit10>
        <Filename Value="editor/editormain.pas"/>
        <IsPartOfProject Value="True"/>
        <ComponentName Value="EditorForm"/>
        <ResourceBaseClass Value="Form"/>
        <UnitName Value="editormain"/>
      </Unit10>
      <Unit11>
        <Filename Value="managerprocs.pas"/>
        <IsPartOfProject Value="True"/>
        <UnitName Value="ManagerProcs"/>
      </Unit11>
      <Unit12>
        <Filename Value="workflow_frame.pas"/>
        <IsPartOfProject Value="True"/>
        <ComponentName Value="WorkFlowFrame"/>
        <ResourceBaseClass Value="Frame"/>
        <UnitName Value="workflow_frame"/>
      </Unit12>
      <Unit13>
        <Filename Value="managertypes.pas"/>
        <IsPartOfProject Value="True"/>
        <UnitName Value="managertypes"/>
      </Unit13>
    </Units>
  </ProjectOptions>
  <CompilerOptions>
    <Version Value="8"/>
    <Target>
      <Filename Value="epidatamanager"/>
    </Target>
    <SearchPaths>
      <IncludeFiles Value="$(ProjOutDir)/"/>
      <OtherUnitFiles Value="designer/;editor/"/>
      <UnitOutputDirectory Value="lib/$(TargetCPU)-$(TargetOS)"/>
    </SearchPaths>
    <Parsing>
      <SyntaxOptions>
        <AllowLabel Value="False"/>
      </SyntaxOptions>
    </Parsing>
    <CodeGeneration>
      <SmartLinkUnit Value="True"/>
      <Checks>
        <IOChecks Value="True"/>
      </Checks>
      <Optimizations>
        <OptimizationLevel Value="0"/>
      </Optimizations>
    </CodeGeneration>
    <Linking>
      <Debugging>
        <GenerateDebugInfo Value="True"/>
        <GenerateDwarf Value="True"/>
      </Debugging>
      <Options>
        <Win32>
          <GraphicApplication Value="True"/>
        </Win32>
      </Options>
    </Linking>
    <Other>
      <CustomOptions Value="-dEPI_DEBUG1"/>
      <CompilerPath Value="$(CompPath)"/>
      <ExecuteBefore>
        <CompileReasons Compile="False" Build="False" Run="False"/>
      </ExecuteBefore>
    </Other>
  </CompilerOptions>
</CONFIG>
