<?xml version="1.0"?>
<CONFIG>
  <ProjectOptions>
    <Version Value="9"/>
    <General>
      <SessionStorage Value="InProjectDir"/>
      <MainUnit Value="0"/>
      <AutoCreateForms Value="False"/>
      <ResourceType Value="res"/>
      <UseXPManifest Value="True"/>
      <Icon Value="0"/>
    </General>
    <VersionInfo>
      <UseVersionInfo Value="True"/>
      <MinorVersionNr Value="8"/>
      <RevisionNr Value="6"/>
      <BuildNr Value="1"/>
      <Language Value="0809"/>
      <CharSet Value="04B0"/>
      <StringTable ProductVersion=""/>
    </VersionInfo>
    <BuildModes Count="1">
      <Item1 Name="Default" Default="True"/>
    </BuildModes>
    <PublishOptions>
      <Version Value="2"/>
      <IgnoreBinaries Value="False"/>
      <IncludeFileFilter Value="*.(pas|pp|inc|lfm|lpr|lrs|lpi|lpk|sh|xml)"/>
      <ExcludeFileFilter Value="*.(bak|ppu|ppw|o|so);*~;backup"/>
    </PublishOptions>
    <RunParams>
      <local>
        <FormatVersion Value="1"/>
        <LaunchingApplication PathPlusParams="/usr/X11R6/bin/xterm -T 'Lazarus Run Output' -e $(LazarusDir)/tools/runwait.sh $(TargetCmdLine)"/>
      </local>
    </RunParams>
    <RequiredPackages Count="4">
      <Item1>
        <PackageName Value="HtmlComp"/>
        <MinVersion Release="4" Valid="True"/>
      </Item1>
      <Item2>
        <PackageName Value="LCLBase"/>
        <MinVersion Major="1" Release="1" Valid="True"/>
      </Item2>
      <Item3>
        <PackageName Value="epidatacore"/>
        <MinVersion Minor="5" Release="1" Valid="True"/>
      </Item3>
      <Item4>
        <PackageName Value="LCL"/>
      </Item4>
    </RequiredPackages>
    <Units Count="43">
      <Unit0>
        <Filename Value="epidatamanager.lpr"/>
        <IsPartOfProject Value="True"/>
        <UnitName Value="epidatamanager"/>
      </Unit0>
      <Unit1>
        <Filename Value="main.pas"/>
        <IsPartOfProject Value="True"/>
        <ComponentName Value="MainForm"/>
        <ResourceBaseClass Value="Form"/>
        <UnitName Value="main"/>
      </Unit1>
      <Unit2>
        <Filename Value="project/project_frame.pas"/>
        <IsPartOfProject Value="True"/>
        <ComponentName Value="ProjectFrame"/>
        <ResourceBaseClass Value="Frame"/>
        <UnitName Value="project_frame"/>
      </Unit2>
      <Unit3>
        <Filename Value="designer/design_frame.pas"/>
        <IsPartOfProject Value="True"/>
        <ComponentName Value="DesignFrame"/>
        <ResourceBaseClass Value="Frame"/>
        <UnitName Value="design_frame"/>
      </Unit3>
      <Unit4>
        <Filename Value="workflow_frame.pas"/>
        <IsPartOfProject Value="True"/>
        <ComponentName Value="WorkFlowFrame"/>
        <ResourceBaseClass Value="Frame"/>
        <UnitName Value="workflow_frame"/>
      </Unit4>
      <Unit5>
        <Filename Value="utils/managerprocs.pas"/>
        <IsPartOfProject Value="True"/>
        <UnitName Value="managerprocs"/>
      </Unit5>
      <Unit6>
        <Filename Value="project/project_settings.pas"/>
        <IsPartOfProject Value="True"/>
        <ComponentName Value="ProjectSettingsForm"/>
        <ResourceBaseClass Value="Form"/>
        <UnitName Value="project_settings"/>
      </Unit6>
      <Unit7>
        <Filename Value="project/project_settings_field_frame.pas"/>
        <IsPartOfProject Value="True"/>
        <ComponentName Value="ProjectSettings_FieldFrame"/>
        <ResourceBaseClass Value="Frame"/>
        <UnitName Value="project_settings_field_frame"/>
      </Unit7>
      <Unit8>
        <Filename Value="project/project_settings_interface.pas"/>
        <IsPartOfProject Value="True"/>
        <UnitName Value="project_settings_interface"/>
      </Unit8>
      <Unit9>
        <Filename Value="about.pas"/>
        <IsPartOfProject Value="True"/>
        <ComponentName Value="AboutForm"/>
        <ResourceBaseClass Value="Form"/>
        <UnitName Value="about"/>
      </Unit9>
      <Unit10>
        <Filename Value="project/project_settings_general_frame.pas"/>
        <IsPartOfProject Value="True"/>
        <ComponentName Value="ProjectSettings_GeneralFrame"/>
        <ResourceBaseClass Value="Frame"/>
        <UnitName Value="project_settings_general_frame"/>
      </Unit10>
      <Unit11>
        <Filename Value="settings/settings2.pas"/>
        <IsPartOfProject Value="True"/>
        <ComponentName Value="SettingsForm"/>
        <ResourceBaseClass Value="Form"/>
        <UnitName Value="settings2"/>
      </Unit11>
      <Unit12>
        <Filename Value="settings/settings_visualdesign_frame.pas"/>
        <IsPartOfProject Value="True"/>
        <ComponentName Value="Settings_VisualDesign"/>
        <ResourceBaseClass Value="Frame"/>
        <UnitName Value="settings_visualdesign_frame"/>
      </Unit12>
      <Unit13>
        <Filename Value="settings/settings_fielddefinitions_frame.pas"/>
        <IsPartOfProject Value="True"/>
        <ComponentName Value="Settings_FieldDefinitionFrame"/>
        <ResourceBaseClass Value="Frame"/>
        <UnitName Value="settings_fielddefinitions_frame"/>
      </Unit13>
      <Unit14>
        <Filename Value="settings/settings_advanced_frame.pas"/>
        <IsPartOfProject Value="True"/>
        <ComponentName Value="Settings_PathsFrame"/>
        <ResourceBaseClass Value="Frame"/>
        <UnitName Value="settings_advanced_frame"/>
      </Unit14>
      <Unit15>
        <Filename Value="settings/settings2_interface.pas"/>
        <IsPartOfProject Value="True"/>
        <UnitName Value="settings2_interface"/>
      </Unit15>
      <Unit16>
        <Filename Value="settings/settings2_var.pas"/>
        <IsPartOfProject Value="True"/>
        <UnitName Value="settings2_var"/>
      </Unit16>
      <Unit17>
        <Filename Value="project/valuelabelseditor_form.pas"/>
        <IsPartOfProject Value="True"/>
        <ComponentName Value="ValueLabelEditor"/>
        <ResourceBaseClass Value="Form"/>
        <UnitName Value="valuelabelseditor_form"/>
      </Unit17>
      <Unit18>
        <Filename Value="designer/design_controls.pas"/>
        <IsPartOfProject Value="True"/>
        <ComponentName Value="DesignControlsForm"/>
        <ResourceBaseClass Value="Form"/>
        <UnitName Value="design_controls"/>
      </Unit18>
      <Unit19>
        <Filename Value="designer/copyobject.pas"/>
        <IsPartOfProject Value="True"/>
        <UnitName Value="copyobject"/>
      </Unit19>
      <Unit20>
        <Filename Value="designer/design_fieldproperties_frame.pas"/>
        <IsPartOfProject Value="True"/>
        <ComponentName Value="FieldPropertiesFrame"/>
        <ResourceBaseClass Value="Frame"/>
        <UnitName Value="design_fieldproperties_frame"/>
      </Unit20>
      <Unit21>
        <Filename Value="designer/design_sectionproperties_frame.pas"/>
        <IsPartOfProject Value="True"/>
        <ComponentName Value="SectionPropertiesFrame"/>
        <ResourceBaseClass Value="Frame"/>
        <UnitName Value="design_sectionproperties_frame"/>
      </Unit21>
      <Unit22>
        <Filename Value="designer/design_headingproperties_frame.pas"/>
        <IsPartOfProject Value="True"/>
        <ComponentName Value="HeadingPropertiesFrame"/>
        <ResourceBaseClass Value="Frame"/>
        <UnitName Value="design_headingproperties_frame"/>
      </Unit22>
      <Unit23>
        <Filename Value="designer/design_propertiesbase_frame.pas"/>
        <IsPartOfProject Value="True"/>
        <ComponentName Value="DesignPropertiesFrame"/>
        <ResourceBaseClass Value="Frame"/>
        <UnitName Value="design_propertiesbase_frame"/>
      </Unit23>
      <Unit24>
        <Filename Value="designer/design_types.pas"/>
        <IsPartOfProject Value="True"/>
        <UnitName Value="design_types"/>
      </Unit24>
      <Unit25>
        <Filename Value="import/import_structure_form.pas"/>
        <IsPartOfProject Value="True"/>
        <ComponentName Value="ImportStructureForm"/>
        <ResourceBaseClass Value="Form"/>
        <UnitName Value="import_structure_form"/>
      </Unit25>
      <Unit26>
        <Filename Value="manager_messages.pas"/>
        <IsPartOfProject Value="True"/>
        <UnitName Value="manager_messages"/>
      </Unit26>
      <Unit27>
        <Filename Value="project/project_settings_study_frame.pas"/>
        <IsPartOfProject Value="True"/>
        <ComponentName Value="Projectsettings_StudyFrame"/>
        <ResourceBaseClass Value="Frame"/>
        <UnitName Value="project_settings_study_frame"/>
      </Unit27>
      <Unit28>
        <Filename Value="project/project_settings_study_contentdesc_frame.pas"/>
        <IsPartOfProject Value="True"/>
        <ComponentName Value="ProjectSetting_ContentDescFrame"/>
        <ResourceBaseClass Value="Frame"/>
        <UnitName Value="project_settings_study_contentdesc_frame"/>
      </Unit28>
      <Unit29>
        <Filename Value="project/project_settings_study_ownership_frame.pas"/>
        <IsPartOfProject Value="True"/>
        <ComponentName Value="ProjectSetting_OwnershipFrame"/>
        <ResourceBaseClass Value="Frame"/>
        <UnitName Value="project_settings_study_ownership_frame"/>
      </Unit29>
      <Unit30>
        <Filename Value="settings/settings_general_frame.pas"/>
        <IsPartOfProject Value="True"/>
        <ComponentName Value="Settings_GeneralFrame"/>
        <ResourceBaseClass Value="Frame"/>
        <UnitName Value="settings_general_frame"/>
      </Unit30>
      <Unit31>
        <Filename Value="tools/toolsform.pas"/>
        <IsPartOfProject Value="True"/>
        <ComponentName Value="ToolsForm"/>
        <ResourceBaseClass Value="Form"/>
        <UnitName Value="toolsform"/>
      </Unit31>
      <Unit32>
        <Filename Value="reports/reportgenerator.pas"/>
        <IsPartOfProject Value="True"/>
        <ComponentName Value="ReportGeneratorForm"/>
        <ResourceBaseClass Value="Form"/>
        <UnitName Value="reportgenerator"/>
      </Unit32>
      <Unit33>
        <Filename Value="reports/report_fieldlist.pas"/>
        <IsPartOfProject Value="True"/>
        <UnitName Value="report_fieldlist"/>
      </Unit33>
      <Unit34>
        <Filename Value="reports/viewer_form.pas"/>
        <IsPartOfProject Value="True"/>
        <ComponentName Value="HtmlViewerForm"/>
        <ResourceBaseClass Value="Form"/>
        <UnitName Value="viewer_form"/>
      </Unit34>
      <Unit35>
        <Filename Value="reports/report_valuelabellist.pas"/>
        <IsPartOfProject Value="True"/>
        <UnitName Value="report_valuelabellist"/>
      </Unit35>
      <Unit36>
        <Filename Value="reports/report_combinedlist.pas"/>
        <IsPartOfProject Value="True"/>
        <UnitName Value="report_combinedlist"/>
      </Unit36>
      <Unit37>
        <Filename Value="reports/report_base.pas"/>
        <IsPartOfProject Value="True"/>
        <UnitName Value="report_base"/>
      </Unit37>
      <Unit38>
        <Filename Value="utils/projectfilelist_frame.pas"/>
        <IsPartOfProject Value="True"/>
        <ComponentName Value="ProjectFileListFrame"/>
        <ResourceBaseClass Value="Frame"/>
        <UnitName Value="projectfilelist_frame"/>
      </Unit38>
      <Unit39>
        <Filename Value="reports/staticreports_form.pas"/>
        <IsPartOfProject Value="True"/>
        <ComponentName Value="StaticReportsForm"/>
        <ResourceBaseClass Value="Form"/>
        <UnitName Value="staticreports_form"/>
      </Unit39>
      <Unit40>
        <Filename Value="reports/report_fieldlist_extended.pas"/>
        <IsPartOfProject Value="True"/>
        <UnitName Value="report_fieldlist_extended"/>
      </Unit40>
      <Unit41>
        <Filename Value="reports/report_project_overview.pas"/>
        <IsPartOfProject Value="True"/>
        <UnitName Value="report_project_overview"/>
      </Unit41>
      <Unit42>
        <Filename Value="shortcuts.pas"/>
        <IsPartOfProject Value="True"/>
        <UnitName Value="shortcuts"/>
      </Unit42>
    </Units>
  </ProjectOptions>
  <CompilerOptions>
    <Version Value="10"/>
    <Target>
      <Filename Value="epidatamanager"/>
    </Target>
    <SearchPaths>
      <IncludeFiles Value="$(ProjOutDir);include;include/$(TargetOS)"/>
      <OtherUnitFiles Value="designer;utils;project;settings;project/structure;import;tools;reports"/>
      <UnitOutputDirectory Value="lib/$(TargetCPU)-$(TargetOS)"/>
    </SearchPaths>
    <CodeGeneration>
      <Optimizations>
        <OptimizationLevel Value="0"/>
      </Optimizations>
    </CodeGeneration>
    <Linking>
      <Debugging>
        <GenerateDebugInfo Value="True"/>
        <GenerateDwarf Value="True"/>
      </Debugging>
      <Options>
        <Win32>
          <GraphicApplication Value="True"/>
        </Win32>
      </Options>
    </Linking>
    <Other>
      <CompilerMessages>
        <UseMsgFile Value="True"/>
      </CompilerMessages>
      <CustomOptions Value="-dEPI_DEBUG1
-dEPI_RELEASE"/>
      <CompilerPath Value="$(CompPath)"/>
      <ExecuteBefore>
        <CompileReasons Compile="False" Build="False" Run="False"/>
      </ExecuteBefore>
      <ExecuteAfter>
        <CompileReasons Compile="False" Build="False" Run="False"/>
      </ExecuteAfter>
    </Other>
  </CompilerOptions>
  <Debugging>
    <Exceptions Count="3">
      <Item1>
        <Name Value="EAbort"/>
      </Item1>
      <Item2>
        <Name Value="ECodetoolError"/>
      </Item2>
      <Item3>
        <Name Value="EFOpenError"/>
      </Item3>
    </Exceptions>
  </Debugging>
</CONFIG>
